
Microsoft Visual Studio Solution File, Format Version 12.00
# Visual Studio Version 17
VisualStudioVersion = 17.11.35312.102
MinimumVisualStudioVersion = 10.0.40219.1
Project("{FAE04EC0-301F-11D3-BF4B-00C04F79EFBC}") = "MyWealth.Data", "MyWealth.Data\MyWealth.Data.csproj", "{0EDCEF58-5488-4F5C-A886-8013779863FB}"
EndProject
Project("{FAE04EC0-301F-11D3-BF4B-00C04F79EFBC}") = "MyWealth.Business", "MyWealth.Business\MyWealth.Business.csproj", "{E0505279-B2A4-41C0-963F-A1348CB8C273}"
EndProject
Project("{FAE04EC0-301F-11D3-BF4B-00C04F79EFBC}") = "MyWealth.WebApi", "MyWealth.WebApi\MyWealth.WebApi.csproj", "{939CDFAE-85BA-4BFC-B966-D84F2F25D957}"
EndProject
Global
	GlobalSection(SolutionConfigurationPlatforms) = preSolution
		Debug|Any CPU = Debug|Any CPU
		Release|Any CPU = Release|Any CPU
	EndGlobalSection
	GlobalSection(ProjectConfigurationPlatforms) = postSolution
		{0EDCEF58-5488-4F5C-A886-8013779863FB}.Debug|Any CPU.ActiveCfg = Debug|Any CPU
		{0EDCEF58-5488-4F5C-A886-8013779863FB}.Debug|Any CPU.Build.0 = Debug|Any CPU
		{0EDCEF58-5488-4F5C-A886-8013779863FB}.Release|Any CPU.ActiveCfg = Release|Any CPU
		{0EDCEF58-5488-4F5C-A886-8013779863FB}.Release|Any CPU.Build.0 = Release|Any CPU
		{E0505279-B2A4-41C0-963F-A1348CB8C273}.Debug|Any CPU.ActiveCfg = Debug|Any CPU
		{E0505279-B2A4-41C0-963F-A1348CB8C273}.Debug|Any CPU.Build.0 = Debug|Any CPU
		{E0505279-B2A4-41C0-963F-A1348CB8C273}.Release|Any CPU.ActiveCfg = Release|Any CPU
		{E0505279-B2A4-41C0-963F-A1348CB8C273}.Release|Any CPU.Build.0 = Release|Any CPU
		{939CDFAE-85BA-4BFC-B966-D84F2F25D957}.Debug|Any CPU.ActiveCfg = Debug|Any CPU
		{939CDFAE-85BA-4BFC-B966-D84F2F25D957}.Debug|Any CPU.Build.0 = Debug|Any CPU
		{939CDFAE-85BA-4BFC-B966-D84F2F25D957}.Release|Any CPU.ActiveCfg = Release|Any CPU
		{939CDFAE-85BA-4BFC-B966-D84F2F25D957}.Release|Any CPU.Build.0 = Release|Any CPU
	EndGlobalSection
	GlobalSection(SolutionProperties) = preSolution
		HideSolutionNode = FALSE
	EndGlobalSection
	GlobalSection(ExtensibilityGlobals) = postSolution
		SolutionGuid = {8F2F754B-B46D-44CD-9B4B-2B2805E990CE}
	EndGlobalSection
EndGlobal
